
Microsoft Visual Studio Solution File, Format Version 12.00
# Visual Studio Version 16
VisualStudioVersion = 16.0.29519.87
MinimumVisualStudioVersion = 10.0.40219.1
Project("{2150E333-8FDC-42A3-9474-1A3956D46DE8}") = "0. FizzBuzz", "0. FizzBuzz", "{E5585DD2-500F-476F-A425-9168EA1A45E7}"
EndProject
Project("{9A19103F-16F7-4668-BE54-9A1E7A4F7556}") = "FizzBuzzTest", "FizzBuzzTest\FizzBuzzTest.csproj", "{8DE27AFC-8993-4B05-B3A0-EC3B60E6437C}"
EndProject
Project("{9A19103F-16F7-4668-BE54-9A1E7A4F7556}") = "FizzBuzzApp", "FizzBuzzApp\FizzBuzzApp.csproj", "{F634A5C7-CA2B-499B-A5E1-144B983A5F9E}"
EndProject
Project("{2150E333-8FDC-42A3-9474-1A3956D46DE8}") = "1. MultiplesOf3Or5", "1. MultiplesOf3Or5", "{8E58002C-1108-4B47-877D-6570011ABD21}"
EndProject
Project("{FAE04EC0-301F-11D3-BF4B-00C04F79EFBC}") = "MultiplesOf3Or5", "MultiplesOf3Or5\MultiplesOf3Or5.csproj", "{FEF16ECE-234C-44B7-BF6B-47A7B1D2AB47}"
EndProject
Global
	GlobalSection(SolutionConfigurationPlatforms) = preSolution
		Debug|Any CPU = Debug|Any CPU
		Release|Any CPU = Release|Any CPU
	EndGlobalSection
	GlobalSection(ProjectConfigurationPlatforms) = postSolution
		{8DE27AFC-8993-4B05-B3A0-EC3B60E6437C}.Debug|Any CPU.ActiveCfg = Debug|Any CPU
		{8DE27AFC-8993-4B05-B3A0-EC3B60E6437C}.Debug|Any CPU.Build.0 = Debug|Any CPU
		{8DE27AFC-8993-4B05-B3A0-EC3B60E6437C}.Release|Any CPU.ActiveCfg = Release|Any CPU
		{8DE27AFC-8993-4B05-B3A0-EC3B60E6437C}.Release|Any CPU.Build.0 = Release|Any CPU
		{F634A5C7-CA2B-499B-A5E1-144B983A5F9E}.Debug|Any CPU.ActiveCfg = Debug|Any CPU
		{F634A5C7-CA2B-499B-A5E1-144B983A5F9E}.Debug|Any CPU.Build.0 = Debug|Any CPU
		{F634A5C7-CA2B-499B-A5E1-144B983A5F9E}.Release|Any CPU.ActiveCfg = Release|Any CPU
		{F634A5C7-CA2B-499B-A5E1-144B983A5F9E}.Release|Any CPU.Build.0 = Release|Any CPU
		{FEF16ECE-234C-44B7-BF6B-47A7B1D2AB47}.Debug|Any CPU.ActiveCfg = Debug|Any CPU
		{FEF16ECE-234C-44B7-BF6B-47A7B1D2AB47}.Debug|Any CPU.Build.0 = Debug|Any CPU
		{FEF16ECE-234C-44B7-BF6B-47A7B1D2AB47}.Release|Any CPU.ActiveCfg = Release|Any CPU
		{FEF16ECE-234C-44B7-BF6B-47A7B1D2AB47}.Release|Any CPU.Build.0 = Release|Any CPU
	EndGlobalSection
	GlobalSection(SolutionProperties) = preSolution
		HideSolutionNode = FALSE
	EndGlobalSection
	GlobalSection(NestedProjects) = preSolution
		{8DE27AFC-8993-4B05-B3A0-EC3B60E6437C} = {E5585DD2-500F-476F-A425-9168EA1A45E7}
		{F634A5C7-CA2B-499B-A5E1-144B983A5F9E} = {E5585DD2-500F-476F-A425-9168EA1A45E7}
		{FEF16ECE-234C-44B7-BF6B-47A7B1D2AB47} = {8E58002C-1108-4B47-877D-6570011ABD21}
	EndGlobalSection
	GlobalSection(ExtensibilityGlobals) = postSolution
		SolutionGuid = {3A45D9F9-DE6D-46A2-BE0A-FE6C8D494563}
	EndGlobalSection
EndGlobal
