
Microsoft Visual Studio Solution File, Format Version 12.00
# Visual Studio Version 16
VisualStudioVersion = 16.0.29519.87
MinimumVisualStudioVersion = 10.0.40219.1
Project("{2150E333-8FDC-42A3-9474-1A3956D46DE8}") = "0. FizzBuzz", "0. FizzBuzz", "{E5585DD2-500F-476F-A425-9168EA1A45E7}"
EndProject
Project("{FAE04EC0-301F-11D3-BF4B-00C04F79EFBC}") = "FizzBuzzTest", "FizzBuzzTest\FizzBuzzTest.csproj", "{8DE27AFC-8993-4B05-B3A0-EC3B60E6437C}"
EndProject
Project("{FAE04EC0-301F-11D3-BF4B-00C04F79EFBC}") = "FizzBuzzApp", "FizzBuzzApp\FizzBuzzApp.csproj", "{F634A5C7-CA2B-499B-A5E1-144B983A5F9E}"
EndProject
Global
	GlobalSection(SolutionConfigurationPlatforms) = preSolution
		Debug|Any CPU = Debug|Any CPU
		Release|Any CPU = Release|Any CPU
	EndGlobalSection
	GlobalSection(ProjectConfigurationPlatforms) = postSolution
		{8DE27AFC-8993-4B05-B3A0-EC3B60E6437C}.Debug|Any CPU.ActiveCfg = Debug|Any CPU
		{8DE27AFC-8993-4B05-B3A0-EC3B60E6437C}.Debug|Any CPU.Build.0 = Debug|Any CPU
		{8DE27AFC-8993-4B05-B3A0-EC3B60E6437C}.Release|Any CPU.ActiveCfg = Release|Any CPU
		{8DE27AFC-8993-4B05-B3A0-EC3B60E6437C}.Release|Any CPU.Build.0 = Release|Any CPU
		{F634A5C7-CA2B-499B-A5E1-144B983A5F9E}.Debug|Any CPU.ActiveCfg = Debug|Any CPU
		{F634A5C7-CA2B-499B-A5E1-144B983A5F9E}.Debug|Any CPU.Build.0 = Debug|Any CPU
		{F634A5C7-CA2B-499B-A5E1-144B983A5F9E}.Release|Any CPU.ActiveCfg = Release|Any CPU
		{F634A5C7-CA2B-499B-A5E1-144B983A5F9E}.Release|Any CPU.Build.0 = Release|Any CPU
	EndGlobalSection
	GlobalSection(SolutionProperties) = preSolution
		HideSolutionNode = FALSE
	EndGlobalSection
	GlobalSection(NestedProjects) = preSolution
		{8DE27AFC-8993-4B05-B3A0-EC3B60E6437C} = {E5585DD2-500F-476F-A425-9168EA1A45E7}
		{F634A5C7-CA2B-499B-A5E1-144B983A5F9E} = {E5585DD2-500F-476F-A425-9168EA1A45E7}
	EndGlobalSection
	GlobalSection(ExtensibilityGlobals) = postSolution
		SolutionGuid = {3A45D9F9-DE6D-46A2-BE0A-FE6C8D494563}
	EndGlobalSection
EndGlobal
